
Microsoft Visual Studio Solution File, Format Version 12.00
# Visual Studio 15
VisualStudioVersion = 15.0.27130.2020
MinimumVisualStudioVersion = 10.0.40219.1
Project("{00D1A9C2-B5F0-4AF3-8072-F6C62B433612}") = "C170", "C170\C170.sqlproj", "{98CAF63C-C416-42DC-A81A-75DFAF8B31EE}"
EndProject
Global
	GlobalSection(SolutionConfigurationPlatforms) = preSolution
		Debug|Any CPU = Debug|Any CPU
		Release|Any CPU = Release|Any CPU
	EndGlobalSection
	GlobalSection(ProjectConfigurationPlatforms) = postSolution
		{98CAF63C-C416-42DC-A81A-75DFAF8B31EE}.Debug|Any CPU.ActiveCfg = Debug|Any CPU
		{98CAF63C-C416-42DC-A81A-75DFAF8B31EE}.Debug|Any CPU.Build.0 = Debug|Any CPU
		{98CAF63C-C416-42DC-A81A-75DFAF8B31EE}.Debug|Any CPU.Deploy.0 = Debug|Any CPU
		{98CAF63C-C416-42DC-A81A-75DFAF8B31EE}.Release|Any CPU.ActiveCfg = Release|Any CPU
		{98CAF63C-C416-42DC-A81A-75DFAF8B31EE}.Release|Any CPU.Build.0 = Release|Any CPU
		{98CAF63C-C416-42DC-A81A-75DFAF8B31EE}.Release|Any CPU.Deploy.0 = Release|Any CPU
	EndGlobalSection
	GlobalSection(SolutionProperties) = preSolution
		HideSolutionNode = FALSE
	EndGlobalSection
	GlobalSection(ExtensibilityGlobals) = postSolution
		SolutionGuid = {FFBB507A-2A8C-4F06-8E7D-7B70B1195FE5}
	EndGlobalSection
EndGlobal
